{
  "nodes": {
    "nixpkgs": {
      "locked": {
        "lastModified": 1686912178,
        "narHash": "sha256-4W6M4ZIJwwvr6nqtmqYPLHSb+gnryVuDoDEqu7Ecy/M=",
        "owner": "nixos",
        "repo": "nixpkgs",
        "rev": "2decc88392ad88868aba2be221491facd3da6d1f",
        "type": "github"
      },
      "original": {
        "owner": "nixos",
        "ref": "nixpkgs-23.05-darwin",
        "repo": "nixpkgs",
        "type": "github"
      }
    },
    "root": {
      "inputs": {
        "nixpkgs": "nixpkgs"
      }
    }
  },
  "root": "root",
  "version": 7
}
