{
  "nodes": {
    "nixpkgs": {
      "locked": {
        "lastModified": 1699969405,
        "narHash": "sha256-KUNyP5VIyzz17mm4+6zboBBxDev9SCrpZrcnRrtlXzk=",
        "owner": "NixOS",
        "repo": "nixpkgs",
        "rev": "2e7346c2d611c1b40e1cf74f177b2b1a329782ce",
        "type": "github"
      },
      "original": {
        "owner": "NixOS",
        "ref": "nixpkgs-23.05-darwin",
        "repo": "nixpkgs",
        "type": "github"
      }
    },
    "root": {
      "inputs": {
        "nixpkgs": "nixpkgs"
      }
    }
  },
  "root": "root",
  "version": 7
}
